
Microsoft Visual Studio Solution File, Format Version 12.00
# Visual Studio 15
VisualStudioVersion = 15.0.28010.2016
MinimumVisualStudioVersion = 10.0.40219.1
Project("{FAE04EC0-301F-11D3-BF4B-00C04F79EFBC}") = "Server", "Server\Server.csproj", "{F6D631F3-190E-416A-9ED0-5D9EB7D2B594}"
EndProject
Project("{FAE04EC0-301F-11D3-BF4B-00C04F79EFBC}") = "CommonClass", "NetClass\CommonClass.csproj", "{B3D2179D-D13F-4A99-B679-97D524A54E00}"
EndProject
Global
	GlobalSection(SolutionConfigurationPlatforms) = preSolution
		Debug|Any CPU = Debug|Any CPU
		Debug|x64 = Debug|x64
		Release|Any CPU = Release|Any CPU
		Release|x64 = Release|x64
	EndGlobalSection
	GlobalSection(ProjectConfigurationPlatforms) = postSolution
		{F6D631F3-190E-416A-9ED0-5D9EB7D2B594}.Debug|Any CPU.ActiveCfg = Debug|Any CPU
		{F6D631F3-190E-416A-9ED0-5D9EB7D2B594}.Debug|Any CPU.Build.0 = Debug|Any CPU
		{F6D631F3-190E-416A-9ED0-5D9EB7D2B594}.Debug|x64.ActiveCfg = Debug|x64
		{F6D631F3-190E-416A-9ED0-5D9EB7D2B594}.Debug|x64.Build.0 = Debug|x64
		{F6D631F3-190E-416A-9ED0-5D9EB7D2B594}.Release|Any CPU.ActiveCfg = Release|Any CPU
		{F6D631F3-190E-416A-9ED0-5D9EB7D2B594}.Release|Any CPU.Build.0 = Release|Any CPU
		{F6D631F3-190E-416A-9ED0-5D9EB7D2B594}.Release|x64.ActiveCfg = Release|x64
		{F6D631F3-190E-416A-9ED0-5D9EB7D2B594}.Release|x64.Build.0 = Release|x64
		{B3D2179D-D13F-4A99-B679-97D524A54E00}.Debug|Any CPU.ActiveCfg = Debug|Any CPU
		{B3D2179D-D13F-4A99-B679-97D524A54E00}.Debug|Any CPU.Build.0 = Debug|Any CPU
		{B3D2179D-D13F-4A99-B679-97D524A54E00}.Debug|x64.ActiveCfg = Debug|x64
		{B3D2179D-D13F-4A99-B679-97D524A54E00}.Debug|x64.Build.0 = Debug|x64
		{B3D2179D-D13F-4A99-B679-97D524A54E00}.Release|Any CPU.ActiveCfg = Release|Any CPU
		{B3D2179D-D13F-4A99-B679-97D524A54E00}.Release|Any CPU.Build.0 = Release|Any CPU
		{B3D2179D-D13F-4A99-B679-97D524A54E00}.Release|x64.ActiveCfg = Release|x64
		{B3D2179D-D13F-4A99-B679-97D524A54E00}.Release|x64.Build.0 = Release|x64
	EndGlobalSection
	GlobalSection(SolutionProperties) = preSolution
		HideSolutionNode = FALSE
	EndGlobalSection
	GlobalSection(ExtensibilityGlobals) = postSolution
		SolutionGuid = {4C0894EA-7BA8-4070-A6F8-5CF2BE1A7935}
	EndGlobalSection
EndGlobal
